
Microsoft Visual Studio Solution File, Format Version 12.00
# Visual Studio Version 17
VisualStudioVersion = 17.3.32929.385
MinimumVisualStudioVersion = 10.0.40219.1
Project("{FAE04EC0-301F-11D3-BF4B-00C04F79EFBC}") = "InlämningsUppgift", "InlämningsUppgift\InlämningsUppgift.csproj", "{CAB8073B-D785-48D9-B9AF-08A7F81F130C}"
EndProject
Project("{9A19103F-16F7-4668-BE54-9A1E7A4F7556}") = "00_Repetition", "..\00_Repetition\00_Repetition\00_Repetition.csproj", "{9B02F5B8-920A-4670-95C5-4FD50E783B9B}"
EndProject
Global
	GlobalSection(SolutionConfigurationPlatforms) = preSolution
		Debug|Any CPU = Debug|Any CPU
		Release|Any CPU = Release|Any CPU
	EndGlobalSection
	GlobalSection(ProjectConfigurationPlatforms) = postSolution
		{CAB8073B-D785-48D9-B9AF-08A7F81F130C}.Debug|Any CPU.ActiveCfg = Debug|Any CPU
		{CAB8073B-D785-48D9-B9AF-08A7F81F130C}.Debug|Any CPU.Build.0 = Debug|Any CPU
		{CAB8073B-D785-48D9-B9AF-08A7F81F130C}.Release|Any CPU.ActiveCfg = Release|Any CPU
		{CAB8073B-D785-48D9-B9AF-08A7F81F130C}.Release|Any CPU.Build.0 = Release|Any CPU
		{9B02F5B8-920A-4670-95C5-4FD50E783B9B}.Debug|Any CPU.ActiveCfg = Debug|Any CPU
		{9B02F5B8-920A-4670-95C5-4FD50E783B9B}.Debug|Any CPU.Build.0 = Debug|Any CPU
		{9B02F5B8-920A-4670-95C5-4FD50E783B9B}.Release|Any CPU.ActiveCfg = Release|Any CPU
		{9B02F5B8-920A-4670-95C5-4FD50E783B9B}.Release|Any CPU.Build.0 = Release|Any CPU
	EndGlobalSection
	GlobalSection(SolutionProperties) = preSolution
		HideSolutionNode = FALSE
	EndGlobalSection
	GlobalSection(ExtensibilityGlobals) = postSolution
		SolutionGuid = {5FB789A7-729C-4680-9DDE-7854CC797ACE}
	EndGlobalSection
EndGlobal
